# THIS IS AN AUTOGENERATED FILE. DO NOT EDIT THIS FILE DIRECTLY.
# yarn lockfile v1


react-error-boundary@^1.2.5:
  version "1.2.5"
  resolved "https://registry.yarnpkg.com/react-error-boundary/-/react-error-boundary-1.2.5.tgz#a362cb799d2e58ff8f114f7c4bc25677ce4e4149"
  integrity sha512-5CPSeLJA2igJNppAgFRwnTL9aK3ojenk65enNzhVyoxYNbHpIJXnChUO7+4vPhkncRA9wvQMXq6Azp2XeXd+iQ==
